
Microsoft Visual Studio Solution File, Format Version 12.00
# Visual Studio 15
Project("{FAE04EC0-301F-11D3-BF4B-00C04F79EFBC}") = "Assembly-CSharp", "Assembly-CSharp.csproj", "{A0A8F191-9E1F-ABBE-7A3A-C70D9DCE08C2}"
EndProject
Project("{FAE04EC0-301F-11D3-BF4B-00C04F79EFBC}") = "Assembly-CSharp-Editor", "Assembly-CSharp-Editor.csproj", "{6FAB0D94-B5CE-0B23-879E-3BD039721288}"
EndProject
Global
	GlobalSection(SolutionConfigurationPlatforms) = preSolution
		Debug|Any CPU = Debug|Any CPU
		Release|Any CPU = Release|Any CPU
	EndGlobalSection
	GlobalSection(ProjectConfigurationPlatforms) = postSolution
		{A0A8F191-9E1F-ABBE-7A3A-C70D9DCE08C2}.Debug|Any CPU.ActiveCfg = Debug|Any CPU
		{A0A8F191-9E1F-ABBE-7A3A-C70D9DCE08C2}.Debug|Any CPU.Build.0 = Debug|Any CPU
		{A0A8F191-9E1F-ABBE-7A3A-C70D9DCE08C2}.Release|Any CPU.ActiveCfg = Release|Any CPU
		{A0A8F191-9E1F-ABBE-7A3A-C70D9DCE08C2}.Release|Any CPU.Build.0 = Release|Any CPU
		{6FAB0D94-B5CE-0B23-879E-3BD039721288}.Debug|Any CPU.ActiveCfg = Debug|Any CPU
		{6FAB0D94-B5CE-0B23-879E-3BD039721288}.Debug|Any CPU.Build.0 = Debug|Any CPU
		{6FAB0D94-B5CE-0B23-879E-3BD039721288}.Release|Any CPU.ActiveCfg = Release|Any CPU
		{6FAB0D94-B5CE-0B23-879E-3BD039721288}.Release|Any CPU.Build.0 = Release|Any CPU
	EndGlobalSection
	GlobalSection(SolutionProperties) = preSolution
		HideSolutionNode = FALSE
	EndGlobalSection
EndGlobal
